
Microsoft Visual Studio Solution File, Format Version 12.00
# Visual Studio Version 16
VisualStudioVersion = 16.0.31205.134
MinimumVisualStudioVersion = 10.0.40219.1
Project("{FAE04EC0-301F-11D3-BF4B-00C04F79EFBC}") = "TIK-TOK-WOE", "TIK-TOK-WOE.csproj", "{537F639A-EFEF-4336-9002-BE648982E327}"
EndProject
Project("{2150E333-8FDC-42A3-9474-1A3956D46DE8}") = "Solution Items", "Solution Items", "{A0188D26-5D4D-4764-9E62-661D7BE68F26}"
	ProjectSection(SolutionItems) = preProject
		Bitmap1.bmp = Bitmap1.bmp
		Icon1.ico = Icon1.ico
	EndProjectSection
EndProject
Global
	GlobalSection(SolutionConfigurationPlatforms) = preSolution
		Debug|Any CPU = Debug|Any CPU
		Release|Any CPU = Release|Any CPU
	EndGlobalSection
	GlobalSection(ProjectConfigurationPlatforms) = postSolution
		{537F639A-EFEF-4336-9002-BE648982E327}.Debug|Any CPU.ActiveCfg = Debug|Any CPU
		{537F639A-EFEF-4336-9002-BE648982E327}.Debug|Any CPU.Build.0 = Debug|Any CPU
		{537F639A-EFEF-4336-9002-BE648982E327}.Release|Any CPU.ActiveCfg = Release|Any CPU
		{537F639A-EFEF-4336-9002-BE648982E327}.Release|Any CPU.Build.0 = Release|Any CPU
	EndGlobalSection
	GlobalSection(SolutionProperties) = preSolution
		HideSolutionNode = FALSE
	EndGlobalSection
	GlobalSection(ExtensibilityGlobals) = postSolution
		SolutionGuid = {98406894-39E5-48BD-819A-0C6A071E90A1}
	EndGlobalSection
EndGlobal
